{
  "name": "postgres-shift",
  "version": "0.0.4",
  "lockfileVersion": 1,
  "requires": true,
  "dependencies": {
    "postgres": {
      "version": "1.0.1",
      "resolved": "https://registry.npmjs.org/postgres/-/postgres-1.0.1.tgz",
      "integrity": "sha512-5wcCs4awzSOtgmqIXr4vLIbrftcGJ+INATDuDGZmbQU8QY71tXA+eWkPqew7o2FWH0WtxGnA+mbSVFKz3Hvpmw==",
      "dev": true
    }
  }
}
